{
  "name": "hm-interface",
  "version": "0.0.1",
  "lockfileVersion": 1,
  "requires": true,
  "dependencies": {
    "homematic-xmlrpc": {
      "version": "1.0.2",
      "resolved": "https://registry.npmjs.org/homematic-xmlrpc/-/homematic-xmlrpc-1.0.2.tgz",
      "integrity": "sha1-ohkEoSwE9ly6nqf7+5rC4F8JII4=",
      "requires": {
        "sax": "0.4.x",
        "xmlbuilder": "https://github.com/hobbyquaker/xmlbuilder-js/tarball/29fe5030dc6852007dc8d1bfd5109d75f8da58d5"
      }
    },
    "sax": {
      "version": "0.4.3",
      "resolved": "https://registry.npmjs.org/sax/-/sax-0.4.3.tgz",
      "integrity": "sha1-cA46NOsueSzjgHkccSgPNzGWXdw="
    },
    "xmlbuilder": {
      "version": "https://github.com/hobbyquaker/xmlbuilder-js/tarball/29fe5030dc6852007dc8d1bfd5109d75f8da58d5",
      "integrity": "sha512-xM2HEU2Wk/PP8bGMGJ6t2Dy6FQ9nS/GS3vzAPeJ86qHYUGZG8XVv5FP40nK+QrBxqdfwvOu9WpE0Vu0sMYOytg=="
    }
  }
}
